
Microsoft Visual Studio Solution File, Format Version 12.00
# Visual Studio Version 17
VisualStudioVersion = 17.1.32328.378
MinimumVisualStudioVersion = 10.0.40219.1
Project("{2150E333-8FDC-42A3-9474-1A3956D46DE8}") = "Src", "Src", "{7B6CB0A8-D3D6-4D60-A8B3-CE8D62B1201E}"
EndProject
Project("{2150E333-8FDC-42A3-9474-1A3956D46DE8}") = "Application", "Application", "{6C877030-A6B2-43EA-B908-DEBF9B1DB738}"
EndProject
Project("{2150E333-8FDC-42A3-9474-1A3956D46DE8}") = "Persistence", "Persistence", "{9B11B954-1171-4B78-91D5-E707A93BF6FD}"
EndProject
Project("{2150E333-8FDC-42A3-9474-1A3956D46DE8}") = "Core", "Core", "{0CBFC6A2-35F1-4571-9E68-706FE9F01AF5}"
EndProject
Project("{9A19103F-16F7-4668-BE54-9A1E7A4F7556}") = "Presentation", "Presentation\Presentation.csproj", "{6016367C-299F-4F16-8E3F-A05E8AC3BFF8}"
EndProject
Project("{9A19103F-16F7-4668-BE54-9A1E7A4F7556}") = "Globus.Core", "Globus.Core\Globus.Core.csproj", "{5B976BC4-2F2A-4F62-AB2D-ACBE02884C41}"
EndProject
Project("{9A19103F-16F7-4668-BE54-9A1E7A4F7556}") = "Globus.Service", "Globus.Service\Globus.Service.csproj", "{F32C815B-638C-4979-B431-331EB89369D2}"
EndProject
Project("{9A19103F-16F7-4668-BE54-9A1E7A4F7556}") = "Globus.DAL", "Globus.DAL\Globus.DAL.csproj", "{318091E8-8644-45D5-999B-FC7283C0D818}"
EndProject
Project("{FAE04EC0-301F-11D3-BF4B-00C04F79EFBC}") = "Globus.External.Service", "Globus.External.Service\Globus.External.Service.csproj", "{1649B220-797E-4EDF-9B6E-CC2492158F06}"
EndProject
Global
	GlobalSection(SolutionConfigurationPlatforms) = preSolution
		Debug|Any CPU = Debug|Any CPU
		Release|Any CPU = Release|Any CPU
	EndGlobalSection
	GlobalSection(ProjectConfigurationPlatforms) = postSolution
		{6016367C-299F-4F16-8E3F-A05E8AC3BFF8}.Debug|Any CPU.ActiveCfg = Debug|Any CPU
		{6016367C-299F-4F16-8E3F-A05E8AC3BFF8}.Debug|Any CPU.Build.0 = Debug|Any CPU
		{6016367C-299F-4F16-8E3F-A05E8AC3BFF8}.Release|Any CPU.ActiveCfg = Release|Any CPU
		{6016367C-299F-4F16-8E3F-A05E8AC3BFF8}.Release|Any CPU.Build.0 = Release|Any CPU
		{5B976BC4-2F2A-4F62-AB2D-ACBE02884C41}.Debug|Any CPU.ActiveCfg = Debug|Any CPU
		{5B976BC4-2F2A-4F62-AB2D-ACBE02884C41}.Debug|Any CPU.Build.0 = Debug|Any CPU
		{5B976BC4-2F2A-4F62-AB2D-ACBE02884C41}.Release|Any CPU.ActiveCfg = Release|Any CPU
		{5B976BC4-2F2A-4F62-AB2D-ACBE02884C41}.Release|Any CPU.Build.0 = Release|Any CPU
		{F32C815B-638C-4979-B431-331EB89369D2}.Debug|Any CPU.ActiveCfg = Debug|Any CPU
		{F32C815B-638C-4979-B431-331EB89369D2}.Debug|Any CPU.Build.0 = Debug|Any CPU
		{F32C815B-638C-4979-B431-331EB89369D2}.Release|Any CPU.ActiveCfg = Release|Any CPU
		{F32C815B-638C-4979-B431-331EB89369D2}.Release|Any CPU.Build.0 = Release|Any CPU
		{318091E8-8644-45D5-999B-FC7283C0D818}.Debug|Any CPU.ActiveCfg = Debug|Any CPU
		{318091E8-8644-45D5-999B-FC7283C0D818}.Debug|Any CPU.Build.0 = Debug|Any CPU
		{318091E8-8644-45D5-999B-FC7283C0D818}.Release|Any CPU.ActiveCfg = Release|Any CPU
		{318091E8-8644-45D5-999B-FC7283C0D818}.Release|Any CPU.Build.0 = Release|Any CPU
		{1649B220-797E-4EDF-9B6E-CC2492158F06}.Debug|Any CPU.ActiveCfg = Debug|Any CPU
		{1649B220-797E-4EDF-9B6E-CC2492158F06}.Debug|Any CPU.Build.0 = Debug|Any CPU
		{1649B220-797E-4EDF-9B6E-CC2492158F06}.Release|Any CPU.ActiveCfg = Release|Any CPU
		{1649B220-797E-4EDF-9B6E-CC2492158F06}.Release|Any CPU.Build.0 = Release|Any CPU
	EndGlobalSection
	GlobalSection(SolutionProperties) = preSolution
		HideSolutionNode = FALSE
	EndGlobalSection
	GlobalSection(NestedProjects) = preSolution
		{6C877030-A6B2-43EA-B908-DEBF9B1DB738} = {7B6CB0A8-D3D6-4D60-A8B3-CE8D62B1201E}
		{9B11B954-1171-4B78-91D5-E707A93BF6FD} = {7B6CB0A8-D3D6-4D60-A8B3-CE8D62B1201E}
		{0CBFC6A2-35F1-4571-9E68-706FE9F01AF5} = {7B6CB0A8-D3D6-4D60-A8B3-CE8D62B1201E}
		{6016367C-299F-4F16-8E3F-A05E8AC3BFF8} = {6C877030-A6B2-43EA-B908-DEBF9B1DB738}
		{5B976BC4-2F2A-4F62-AB2D-ACBE02884C41} = {0CBFC6A2-35F1-4571-9E68-706FE9F01AF5}
		{F32C815B-638C-4979-B431-331EB89369D2} = {9B11B954-1171-4B78-91D5-E707A93BF6FD}
		{318091E8-8644-45D5-999B-FC7283C0D818} = {9B11B954-1171-4B78-91D5-E707A93BF6FD}
		{1649B220-797E-4EDF-9B6E-CC2492158F06} = {9B11B954-1171-4B78-91D5-E707A93BF6FD}
	EndGlobalSection
	GlobalSection(ExtensibilityGlobals) = postSolution
		SolutionGuid = {BC5AC819-EA0B-4F18-9DCD-325FF0B4BB32}
	EndGlobalSection
EndGlobal
